
Microsoft Visual Studio Solution File, Format Version 12.00
# Visual Studio Version 17
VisualStudioVersion = 17.2.32630.192
MinimumVisualStudioVersion = 10.0.40219.1
Project("{FAE04EC0-301F-11D3-BF4B-00C04F79EFBC}") = "PocketSorter", "PocketSorter\PocketSorter.csproj", "{0924D42A-29A6-448D-A918-3BF0B5713723}"
EndProject
Global
	GlobalSection(SolutionConfigurationPlatforms) = preSolution
		Debug|Any CPU = Debug|Any CPU
		Release|Any CPU = Release|Any CPU
	EndGlobalSection
	GlobalSection(ProjectConfigurationPlatforms) = postSolution
		{0924D42A-29A6-448D-A918-3BF0B5713723}.Debug|Any CPU.ActiveCfg = Debug|Any CPU
		{0924D42A-29A6-448D-A918-3BF0B5713723}.Debug|Any CPU.Build.0 = Debug|Any CPU
		{0924D42A-29A6-448D-A918-3BF0B5713723}.Release|Any CPU.ActiveCfg = Release|Any CPU
		{0924D42A-29A6-448D-A918-3BF0B5713723}.Release|Any CPU.Build.0 = Release|Any CPU
	EndGlobalSection
	GlobalSection(SolutionProperties) = preSolution
		HideSolutionNode = FALSE
	EndGlobalSection
	GlobalSection(ExtensibilityGlobals) = postSolution
		SolutionGuid = {52858AF5-8F3E-4FDB-B27F-2AD7BEA168E0}
	EndGlobalSection
EndGlobal
